
Microsoft Visual Studio Solution File, Format Version 12.00
# Visual Studio Version 16
VisualStudioVersion = 16.0.35931.194
MinimumVisualStudioVersion = 10.0.40219.1
Project("{F184B08F-C81C-45F6-A57F-5ABD9991F28F}") = "WebApp", "WebApp\WebApp.vbproj", "{358BE407-6C0F-4518-9071-DCF5A87ADBBC}"
EndProject
Global
	GlobalSection(SolutionConfigurationPlatforms) = preSolution
		Debug|Any CPU = Debug|Any CPU
		Release|Any CPU = Release|Any CPU
	EndGlobalSection
	GlobalSection(ProjectConfigurationPlatforms) = postSolution
		{358BE407-6C0F-4518-9071-DCF5A87ADBBC}.Debug|Any CPU.ActiveCfg = Debug|Any CPU
		{358BE407-6C0F-4518-9071-DCF5A87ADBBC}.Debug|Any CPU.Build.0 = Debug|Any CPU
		{358BE407-6C0F-4518-9071-DCF5A87ADBBC}.Release|Any CPU.ActiveCfg = Release|Any CPU
		{358BE407-6C0F-4518-9071-DCF5A87ADBBC}.Release|Any CPU.Build.0 = Release|Any CPU
	EndGlobalSection
	GlobalSection(SolutionProperties) = preSolution
		HideSolutionNode = FALSE
	EndGlobalSection
	GlobalSection(ExtensibilityGlobals) = postSolution
		SolutionGuid = {B7C954B2-419A-4B65-824C-B054E1F2E386}
	EndGlobalSection
EndGlobal
